
Microsoft Visual Studio Solution File, Format Version 12.00
# Visual Studio Version 16
VisualStudioVersion = 16.0.30114.105
MinimumVisualStudioVersion = 10.0.40219.1
Project("{FAE04EC0-301F-11D3-BF4B-00C04F79EFBC}") = "numerosPares_Yasin", "numerosPares_Yasin\numerosPares_Yasin.csproj", "{530FD04F-73E0-48A5-9BD7-A07765E6EA03}"
EndProject
Global
	GlobalSection(SolutionConfigurationPlatforms) = preSolution
		Debug|Any CPU = Debug|Any CPU
		Release|Any CPU = Release|Any CPU
	EndGlobalSection
	GlobalSection(ProjectConfigurationPlatforms) = postSolution
		{530FD04F-73E0-48A5-9BD7-A07765E6EA03}.Debug|Any CPU.ActiveCfg = Debug|Any CPU
		{530FD04F-73E0-48A5-9BD7-A07765E6EA03}.Debug|Any CPU.Build.0 = Debug|Any CPU
		{530FD04F-73E0-48A5-9BD7-A07765E6EA03}.Release|Any CPU.ActiveCfg = Release|Any CPU
		{530FD04F-73E0-48A5-9BD7-A07765E6EA03}.Release|Any CPU.Build.0 = Release|Any CPU
	EndGlobalSection
	GlobalSection(SolutionProperties) = preSolution
		HideSolutionNode = FALSE
	EndGlobalSection
	GlobalSection(ExtensibilityGlobals) = postSolution
		SolutionGuid = {49BA12CE-F7E7-47E7-BB40-4A888A8EBDC9}
	EndGlobalSection
EndGlobal
